<?xml version="1.0" encoding="utf-8"?>
<Project ToolsVersion="4.0" xmlns="http://schemas.microsoft.com/developer/msbuild/2003">
  <ItemGroup>
    <Filter Include="Main">
      <UniqueIdentifier>{18808024-d792-4530-8d15-a4f20e18990c}</UniqueIdentifier>
    </Filter>
    <Filter Include="Utils">
      <UniqueIdentifier>{54d6eec8-2e48-41ad-8194-732af6e6e75d}</UniqueIdentifier>
    </Filter>
  </ItemGroup>
  <ItemGroup>
    <ClCompile Include="Content\Object\BaseObject.cpp" />
    <ClCompile Include="Main\main.cpp" />
    <ClCompile Include="Network\Session\PlayerSession.cpp" />
    <ClCompile Include="Network\Session\SessionManager\SessionManager.cpp" />
    <ClCompile Include="Utils\pch.cpp" />
    <ClCompile Include="Content\Object\Actor\Actor.cpp" />
    <ClCompile Include="Content\Object\Actor\ChestActor.cpp" />
    <ClCompile Include="Content\Object\Actor\EffectAreaActor.cpp" />
    <ClCompile Include="Content\Object\Actor\MonsterPawn.cpp" />
    <ClCompile Include="Content\Object\Actor\BossMonsterPawn.cpp" />
    <ClCompile Include="Content\Object\Actor\Pawn.cpp" />
    <ClCompile Include="Content\Object\Actor\PlayerPawn.cpp" />
    <ClCompile Include="Content\Object\Actor\ProjectileActor.cpp" />
    <ClCompile Include="Content\Object\Actor\StaticActor.cpp" />
    <ClCompile Include="Content\Object\Actor\WorldItemActor.cpp" />
    <ClCompile Include="Network\ServerPacketHandler.cpp" />
    <ClCompile Include="..\External\ProtocolShared\cpp\Protocol.pb.cc" />
    <ClCompile Include="..\External\ProtocolShared\cpp\auth\auth_messages.pb.cc" />
    <ClCompile Include="..\External\ProtocolShared\cpp\auth\auth_types.pb.cc" />
    <ClCompile Include="..\External\ProtocolShared\cpp\common\common_enums.pb.cc" />
    <ClCompile Include="..\External\ProtocolShared\cpp\common\common_types.pb.cc" />
    <ClCompile Include="..\External\ProtocolShared\cpp\lobby\lobby_messages.pb.cc" />
    <ClCompile Include="..\External\ProtocolShared\cpp\lobby\lobby_types.pb.cc" />
    <ClCompile Include="..\External\ProtocolShared\cpp\options\packet_options.pb.cc" />
    <ClCompile Include="..\External\ProtocolShared\cpp\room\room_messages.pb.cc" />
    <ClCompile Include="..\External\ProtocolShared\cpp\room\room_types.pb.cc" />
    <ClCompile Include="Network\ServerConfigReader.cpp" />
    <ClCompile Include="..\External\ProtocolShared\cpp\room\room_enums.pb.cc" />
    <ClCompile Include="..\External\ProtocolShared\cpp\game\game_enums.pb.cc" />
    <ClCompile Include="..\External\ProtocolShared\cpp\game\game_messages.pb.cc" />
    <ClCompile Include="..\External\ProtocolShared\cpp\game\game_types.pb.cc" />
    <ClCompile Include="Content\Gameplay\AI\MonsterAiComponent.cpp" />
    <ClCompile Include="Content\Gameplay\Collider\ColliderComponent.cpp" />
    <ClCompile Include="Content\Gameplay\Combat\CombatComponent.cpp" />
    <ClCompile Include="Content\Gameplay\Combat\PlayerCombatComponent.cpp" />
    <ClCompile Include="Data\GameDataManager.cpp" />
    <ClCompile Include="Data\Loader\ServerMapLoader.cpp" />
    <ClCompile Include="Data\Loader\ServerMapLoaderTest.cpp" />
    <ClCompile Include="Data\Tables\ZoneTableJson.cpp" />
    <ClCompile Include="Network\PacketDispatcher\ServerPacketDispatcher.cpp" />
    <ClCompile Include="Network\Session\Lifecycle\PlayerSessionLifecycleService.cpp" />
    <ClCompile Include="Service\Job\JobQueue.cpp" />
    <ClCompile Include="Service\MatchMaking\MatchMaker.cpp" />
    <ClCompile Include="Service\MatchMaking\MatchMakingQueue.cpp" />
    <ClCompile Include="Service\Player\Player.cpp" />
    <ClCompile Include="Service\Player\PlayerManager\PlayerManager.cpp" />
    <ClCompile Include="Service\Room\Room.cpp" />
    <ClCompile Include="Service\Room\RoomManager.cpp" />
    <ClCompile Include="Service\Room\ShardRoomManager.cpp" />
    <ClCompile Include="Service\Room\Systems\RoomGameSystem.cpp" />
    <ClCompile Include="Service\Room\Systems\Zone\ZoneSystem.cpp" />
    <ClCompile Include="Service\Server\TimeThiefServerApp.cpp" />
    <ClCompile Include="Service\Timer\TimerQueue.cpp" />
    <ClCompile Include="Shard\GameShard.cpp" />
    <ClCompile Include="Shard\RoomDirectory.cpp" />
    <ClCompile Include="Shard\ShardManager.cpp" />
    <ClCompile Include="Utils\FilePathHelper.cpp" />
    <ClCompile Include="Content\Gameplay\Replication\Replicator\MonsterReplicator.cpp" />
    <ClCompile Include="Content\Gameplay\Replication\Replicator\PlayerReplicator.cpp" />
    <ClCompile Include="Content\Gameplay\Replication\Replicator\ProjectileReplicator.cpp" />
    <ClCompile Include="Content\Gameplay\Save\SaveComponent.cpp" />
    <ClCompile Include="Content\Gameplay\Skill\SkillComponent.cpp" />
    <ClCompile Include="Content\Gameplay\Upgrade\UpgradeComponent.cpp" />
    <ClCompile Include="Content\Object\Actor\StoreActor.cpp" />
    <ClCompile Include="Content\Object\Actor\SubProjectile\RocketActor.cpp" />
    <ClCompile Include="Content\Shared\BaseComponent.cpp" />
    <ClCompile Include="Data\Tables\LootTableJson.cpp" />
    <ClCompile Include="Service\Room\RoomTickScheduler.cpp" />
    <ClCompile Include="Service\Room\Systems\Drop\DropSystem.cpp" />
    <ClCompile Include="Service\Room\Systems\Loot\LootSystem.cpp" />
    <ClCompile Include="Service\Room\Systems\Replication\ReplicationSystem.cpp" />
    <ClCompile Include="Service\Room\Systems\Respawn\RespawnSystem.cpp" />
    <ClCompile Include="Service\Room\Systems\Store\StoreSystem.cpp" />
    <ClCompile Include="Service\Room\Systems\Weapon\WeaponSystem.cpp" />
    <ClCompile Include="..\External\ProtocolShared\cpp\test\test_messages.pb.cc" />
    <ClCompile Include="Data\Map\ServerMap.cpp" />
    <ClCompile Include="Data\Map\Spatial\UniformGridSpatial.cpp" />
    <ClCompile Include="Data\Placements\InteractionPlacementJson.cpp" />
    <ClCompile Include="Data\Placements\MonsterPlacementJson.cpp" />
    <ClCompile Include="Data\Tables\PlayerSpawnTableJson.cpp" />
    <ClCompile Include="Data\Tables\MonsterTemplateTableJson.cpp" />
    <ClCompile Include="Data\Tables\SkillTableJson.cpp" />
    <ClCompile Include="Data\Tables\StoreEntryTableJson.cpp" />
    <ClCompile Include="Data\Tables\UpgradeTableJson.cpp" />
    <ClCompile Include="Data\Tables\WeaponTableJson.cpp" />
    <ClCompile Include="Service\Room\Systems\Combat\CombatSystem.cpp" />
    <ClCompile Include="Service\Room\Systems\Upgrade\UpgradeSystem.cpp" />
    <ClCompile Include="ThirdParty\UEDetour\DetourAlloc.cpp" />
    <ClCompile Include="ThirdParty\UEDetour\DetourCommon.cpp" />
    <ClCompile Include="ThirdParty\UEDetour\DetourNavMesh.cpp" />
    <ClCompile Include="ThirdParty\UEDetour\DetourNavMeshQuery.cpp" />
    <ClCompile Include="ThirdParty\UEDetour\DetourNode.cpp" />
    <ClCompile Include="Data\AI\Nodes\Actions\BossChargeBurstAttackNode.cpp" />
    <ClCompile Include="Data\AI\Nodes\Actions\BossGroundSlamAttackNode.cpp" />
    <ClCompile Include="Data\AI\Nodes\Actions\BossIdleNode.cpp" />
    <ClCompile Include="Data\AI\Nodes\Actions\MinionIdleNode.cpp" />
    <ClCompile Include="Data\AI\Nodes\Actions\MinionMeleeAttackNode.cpp" />
    <ClCompile Include="Data\AI\Nodes\Actions\MinionMoveTargetNode.cpp" />
    <ClCompile Include="Data\AI\Nodes\Actions\MinionReturnToSpawnNode.cpp" />
    <ClCompile Include="Data\AI\Nodes\Conditions\MinionAcquireOrValidateTargetNode.cpp" />
    <ClCompile Include="Data\AI\Nodes\Conditions\MinionIsTargetInMeleeRangeNode.cpp" />
    <ClCompile Include="Data\AI\Nodes\Conditions\BossAcquireOrValidateTargetNode.cpp" />
    <ClCompile Include="Data\AI\Nodes\Conditions\BossDecideAttackTypeNode.cpp" />
    <ClCompile Include="Data\AI\Nodes\Conditions\BossIsAttackBurstNode.cpp" />
    <ClCompile Include="Data\AI\Nodes\Conditions\BossIsAttackSlamNode.cpp" />
    <ClCompile Include="Data\AI\Nodes\Conditions\BossIsTargetInAttackRangeNode.cpp" />
  </ItemGroup>
  <ItemGroup>
    <ClInclude Include="Content\Object\BaseObject.h" />
    <ClInclude Include="Content\Object\ObjectEnum.h" />
    <ClInclude Include="Content\Object\ObjectHandle.h" />
    <ClInclude Include="Content\Object\ObjectId.h" />
    <ClInclude Include="Content\Object\ObjectManager.h" />
    <ClInclude Include="Content\Object\Actor\BossMonsterPawn.h" />
    <ClInclude Include="Network\Session\PlayerSession.h" />
    <ClInclude Include="Network\Session\SessionManager\SessionManager.h" />
    <ClInclude Include="Utils\pch.h" />
    <ClInclude Include="Content\Gameplay\Combat\DamageTypes.h" />
    <ClInclude Include="Content\Gameplay\Combat\HealthComponent.h" />
    <ClInclude Include="Content\Gameplay\Combat\IDamageable.h" />
    <ClInclude Include="Content\Gameplay\Container\IContainerAccess.h" />
    <ClInclude Include="Content\Gameplay\Cooldown\CooldownComponent.h" />
    <ClInclude Include="Content\Gameplay\Cooldown\CooldownTypes.h" />
    <ClInclude Include="Content\Gameplay\Drop\DropTypes.h" />
    <ClInclude Include="Content\Gameplay\Economy\IWalletOwner.h" />
    <ClInclude Include="Content\Gameplay\Economy\WalletComponent.h" />
    <ClInclude Include="Content\Gameplay\Economy\WalletTypes.h" />
    <ClInclude Include="Content\Gameplay\Effects\EffectComponent.h" />
    <ClInclude Include="Content\Gameplay\Effects\EffectTypes.h" />
    <ClInclude Include="Content\Gameplay\Effects\IEffect.h" />
    <ClInclude Include="Content\Gameplay\Effects\IEffectOwner.h" />
    <ClInclude Include="Content\Gameplay\Interaction\IInteractable.h" />
    <ClInclude Include="Content\Gameplay\Interaction\InteractComponent.h" />
    <ClInclude Include="Content\Gameplay\Interaction\InteractTypes.h" />
    <ClInclude Include="Content\Gameplay\Inventory\IInventoryOwner.h" />
    <ClInclude Include="Content\Gameplay\Inventory\InventoryComponent.h" />
    <ClInclude Include="Content\Gameplay\Inventory\ItemTypes.h" />
    <ClInclude Include="Content\Gameplay\Loot\LootSourceComponent.h" />
    <ClInclude Include="Content\Gameplay\Loot\LootTypes.h" />
    <ClInclude Include="Content\Gameplay\Replication\ReplicatedState.h" />
    <ClInclude Include="Content\Gameplay\Replication\ReplicationEvent.h" />
    <ClInclude Include="Content\Gameplay\Replication\ReplicationTypes.h" />
    <ClInclude Include="Content\Gameplay\Spawn\IRespawnOwner.h" />
    <ClInclude Include="Content\Gameplay\Spawn\RespawnComponent.h" />
    <ClInclude Include="Content\Gameplay\Spawn\RespawnTypes.h" />
    <ClInclude Include="Content\Object\Actor\Actor.h" />
    <ClInclude Include="Content\Object\Actor\ChestActor.h" />
    <ClInclude Include="Content\Object\Actor\EffectAreaActor.h" />
    <ClInclude Include="Content\Object\Actor\MonsterPawn.h" />
    <ClInclude Include="Content\Object\Actor\Pawn.h" />
    <ClInclude Include="Content\Object\Actor\PlayerPawn.h" />
    <ClInclude Include="Content\Object\Actor\ProjectileActor.h" />
    <ClInclude Include="Content\Object\Actor\StaticActor.h" />
    <ClInclude Include="Content\Object\Actor\WorldItemActor.h" />
    <ClInclude Include="Content\Shared\BaseComponent.h" />
    <ClInclude Include="Network\Session\SessionIdMaker.h" />
    <ClInclude Include="Network\ServerConfigReader.h" />
    <ClInclude Include="Network\ServerConfig.h" />
    <ClInclude Include="..\External\ProtocolShared\cpp\Protocol.pb.h" />
    <ClInclude Include="Content\Gameplay\AI\MonsterAiComponent.h" />
    <ClInclude Include="Content\Gameplay\Collider\ColliderComponent.h" />
    <ClInclude Include="Content\Gameplay\Combat\CombatComponent.h" />
    <ClInclude Include="Content\Gameplay\Combat\CombatTypes.h" />
    <ClInclude Include="Content\Gameplay\Combat\PlayerCombatComponent.h" />
    <ClInclude Include="Content\Object\Actor\PlayerPawnState.h" />
    <ClInclude Include="Data\GameDataManager.h" />
    <ClInclude Include="Data\Loader\ServerMapLoader.h" />
    <ClInclude Include="Data\Loader\ServerMapLoaderTest.h" />
    <ClInclude Include="Data\Map\ServerMapFormat.h" />
    <ClInclude Include="Data\Tables\ZoneTable.h" />
    <ClInclude Include="Data\Tables\ZoneTableJson.h" />
    <ClInclude Include="Network\PacketDispatcher\Routing\PlayerRoute.h" />
    <ClInclude Include="Network\PacketDispatcher\ServerPacketDispatcher.h" />
    <ClInclude Include="Network\Session\Lifecycle\IPlayerSessionLifecycle.h" />
    <ClInclude Include="Network\Session\Lifecycle\PlayerSessionLifecycleService.h" />
    <ClInclude Include="Network\Session\PlayerSessionState.h" />
    <ClInclude Include="Service\Job\JobQueue.h" />
    <ClInclude Include="Service\MatchMaking\MatchMaker.h" />
    <ClInclude Include="Service\MatchMaking\MatchMakingQueue.h" />
    <ClInclude Include="Service\Player\Player.h" />
    <ClInclude Include="Service\Player\PlayerManager\PlayerManager.h" />
    <ClInclude Include="Service\Player\PlayerState.h" />
    <ClInclude Include="Service\Room\CreateRoomParams.h" />
    <ClInclude Include="Service\Room\Room.h" />
    <ClInclude Include="Service\Room\RoomIdGenerator.h" />
    <ClInclude Include="Service\Room\RoomManager.h" />
    <ClInclude Include="Service\Room\ShardRoomManager.h" />
    <ClInclude Include="Service\Room\Systems\RoomGameSystem.h" />
    <ClInclude Include="Service\Room\Systems\Zone\ZoneSystem.h" />
    <ClInclude Include="Service\Room\Systems\Zone\ZoneTypes.h" />
    <ClInclude Include="Service\Server\TimeThiefServerApp.h" />
    <ClInclude Include="Service\Timer\TimerQueue.h" />
    <ClInclude Include="Service\Timer\TimerTask.h" />
    <ClInclude Include="Shard\GameShard.h" />
    <ClInclude Include="Shard\RoomDirectory.h" />
    <ClInclude Include="Shard\ShardManager.h" />
    <ClInclude Include="Utils\FilePathHelper.h" />
    <ClInclude Include="Utils\TypesDef.h" />
    <ClInclude Include="Content\Gameplay\Drop\IDropOwner.h" />
    <ClInclude Include="Content\Gameplay\Economy\StoreTypes.h" />
    <ClInclude Include="Content\Gameplay\Replication\IObjectReplicator.h" />
    <ClInclude Include="Content\Gameplay\Replication\Replicator\MonsterReplicator.h" />
    <ClInclude Include="Content\Gameplay\Replication\Replicator\PlayerReplicator.h" />
    <ClInclude Include="Content\Gameplay\Replication\Replicator\ProjectileReplicator.h" />
    <ClInclude Include="Content\Gameplay\Save\SaveComponent.h" />
    <ClInclude Include="Content\Gameplay\Save\SavePointSnapshot.h" />
    <ClInclude Include="Content\Gameplay\Skill\SkillComponent.h" />
    <ClInclude Include="Content\Gameplay\Upgrade\UpgradeComponent.h" />
    <ClInclude Include="Content\Object\Actor\StoreActor.h" />
    <ClInclude Include="Content\Object\Actor\SubProjectile\RocketActor.h" />
    <ClInclude Include="Data\Tables\LootTableJson.h" />
    <ClInclude Include="Data\Tables\LootTableTypes.h" />
    <ClInclude Include="Data\Tables\StoreEntryTable.h" />
    <ClInclude Include="Data\Tables\UpgradeTable.h" />
    <ClInclude Include="Data\Tables\WeaponTable.h" />
    <ClInclude Include="Service\Room\RoomState.h" />
    <ClInclude Include="Service\Room\RoomTickScheduler.h" />
    <ClInclude Include="Service\Room\ScheduledRoomTick.h" />
    <ClInclude Include="Service\Room\Systems\Drop\DropSystem.h" />
    <ClInclude Include="Service\Room\Systems\Loot\LootSystem.h" />
    <ClInclude Include="Service\Room\Systems\Replication\ReplicationSystem.h" />
    <ClInclude Include="Service\Room\Systems\Respawn\RespawnSystem.h" />
    <ClInclude Include="Service\Room\Systems\Store\StoreSystem.h" />
    <ClInclude Include="Service\Room\Systems\Weapon\WeaponSystem.h" />
    <ClInclude Include="Data\Map\ServerMap.h" />
    <ClInclude Include="Data\Map\Spatial\UniformGridSpatial.h" />
    <ClInclude Include="Data\Placements\InteractionPlacementJson.h" />
    <ClInclude Include="Data\Placements\MonsterPlacementJson.h" />
    <ClInclude Include="Data\Placements\PlacementTypes.h" />
    <ClInclude Include="Data\Tables\PlayerSpawnTable.h" />
    <ClInclude Include="Data\Tables\PlayerSpawnTableJson.h" />
    <ClInclude Include="Data\Tables\MonsterTemplateTable.h" />
    <ClInclude Include="Data\Tables\MonsterTemplateTableJson.h" />
    <ClInclude Include="Data\Tables\SkillTable.h" />
    <ClInclude Include="Data\Tables\SkillTableJson.h" />
    <ClInclude Include="Data\Tables\StoreEntryTableJson.h" />
    <ClInclude Include="Data\Tables\UpgradeTableJson.h" />
    <ClInclude Include="Data\Tables\WeaponTableJson.h" />
    <ClInclude Include="Service\Room\Systems\Combat\CombatSystem.h" />
    <ClInclude Include="Service\Room\Systems\Combat\ProjectileSweepQuery.h" />
    <ClInclude Include="Service\Room\Systems\Upgrade\UpgradeSystem.h" />
    <ClInclude Include="ThirdParty\UEDetour\DetourAlloc.h" />
    <ClInclude Include="ThirdParty\UEDetour\DetourAssert.h" />
    <ClInclude Include="ThirdParty\UEDetour\DetourCommon.h" />
    <ClInclude Include="ThirdParty\UEDetour\DetourLargeWorldCoordinates.h" />
    <ClInclude Include="ThirdParty\UEDetour\DetourNavMesh.h" />
    <ClInclude Include="ThirdParty\UEDetour\DetourNavMeshQuery.h" />
    <ClInclude Include="ThirdParty\UEDetour\DetourNode.h" />
    <ClInclude Include="ThirdParty\UEDetour\DetourStatus.h" />
    <ClInclude Include="ThirdParty\UEDetour\UEDetourCompat.h" />
    <ClInclude Include="Data\AI\Nodes\Actions\BossChargeBurstAttackNode.h" />
    <ClInclude Include="Data\AI\Nodes\Actions\BossGroundSlamAttackNode.h" />
    <ClInclude Include="Data\AI\Nodes\Actions\BossIdleNode.h" />
    <ClInclude Include="Data\AI\Nodes\Actions\MinionIdleNode.h" />
    <ClInclude Include="Data\AI\Nodes\Actions\MinionMeleeAttackNode.h" />
    <ClInclude Include="Data\AI\Nodes\Actions\MinionMoveTargetNode.h" />
    <ClInclude Include="Data\AI\Nodes\Actions\MinionReturnToSpawnNode.h" />
    <ClInclude Include="Data\AI\Nodes\Conditions\MinionAcquireOrValidateTargetNode.h" />
    <ClInclude Include="Data\AI\Nodes\Conditions\MinionIsTargetInMeleeRangeNode.h" />
    <ClInclude Include="Data\AI\Nodes\Conditions\BossAcquireOrValidateTargetNode.h" />
    <ClInclude Include="Data\AI\Nodes\Conditions\BossDecideAttackTypeNode.h" />
    <ClInclude Include="Data\AI\Nodes\Conditions\BossIsAttackBurstNode.h" />
    <ClInclude Include="Data\AI\Nodes\Conditions\BossIsAttackSlamNode.h" />
    <ClInclude Include="Data\AI\Nodes\Conditions\BossIsTargetInAttackRangeNode.h" />
  </ItemGroup>
</Project>
