<?xml version="1.0" encoding="utf-8"?>
<Project ToolsVersion="4.0" xmlns="http://schemas.microsoft.com/developer/msbuild/2003">
  <ItemGroup>
    <Filter Include="Core">
      <UniqueIdentifier>{5eb855b7-749d-45f3-8322-4db734cfe8e1}</UniqueIdentifier>
    </Filter>
    <Filter Include="Core\PCH">
      <UniqueIdentifier>{bd8efd36-bbb0-4755-9a15-913752014452}</UniqueIdentifier>
    </Filter>
    <Filter Include="Core\IoCore">
      <UniqueIdentifier>{02056211-a2d9-4f88-b7b4-565c84669de3}</UniqueIdentifier>
    </Filter>
    <Filter Include="Core\IoCore\IocpCore">
      <UniqueIdentifier>{e719f3c9-0fbb-4f6c-9384-f5c2635dfcd9}</UniqueIdentifier>
    </Filter>
    <Filter Include="Network">
      <UniqueIdentifier>{3513e6c4-669e-4751-a0c5-75142b162f40}</UniqueIdentifier>
    </Filter>
    <Filter Include="Network\Buffer">
      <UniqueIdentifier>{b55f24a3-d61f-449d-84af-8c9a0b1838c2}</UniqueIdentifier>
    </Filter>
    <Filter Include="Network\Buffer\LinearBuffer">
      <UniqueIdentifier>{9685afe8-e679-431e-bc96-ac131a6e1bd5}</UniqueIdentifier>
    </Filter>
    <Filter Include="Network\Buffer\CirculationBuffer">
      <UniqueIdentifier>{f4f29f93-fcf2-4beb-a64d-461b0afbb861}</UniqueIdentifier>
    </Filter>
    <Filter Include="Network\Event">
      <UniqueIdentifier>{c169b6b1-d2ab-46ba-8cc6-f11cc054713e}</UniqueIdentifier>
    </Filter>
    <Filter Include="Core\IoCore\RioCore">
      <UniqueIdentifier>{eeccc45e-cef5-46af-81af-d7f0a552d34b}</UniqueIdentifier>
    </Filter>
    <Filter Include="Utils">
      <UniqueIdentifier>{a66cc01d-e0d4-4135-b977-43287535cf9e}</UniqueIdentifier>
    </Filter>
    <Filter Include="Utils\ObjectPool">
      <UniqueIdentifier>{864a4395-3689-46d9-961d-2f94f2528a30}</UniqueIdentifier>
    </Filter>
    <Filter Include="Utils\Log">
      <UniqueIdentifier>{5f5080bb-c39f-49ed-8340-1403c1604034}</UniqueIdentifier>
    </Filter>
    <Filter Include="Core\Thread">
      <UniqueIdentifier>{f914aba9-0dd8-413d-af66-070f1b47a1e9}</UniqueIdentifier>
    </Filter>
    <Filter Include="Network\Event\IOCP">
      <UniqueIdentifier>{a157ade5-17e9-469e-89ee-e0d9b7114311}</UniqueIdentifier>
    </Filter>
    <Filter Include="Network\Event\RIO">
      <UniqueIdentifier>{735c4188-3abc-40d9-9af7-7358a14e7673}</UniqueIdentifier>
    </Filter>
    <Filter Include="Network\Address">
      <UniqueIdentifier>{762bbe81-aa11-4be7-9cfa-5a366636373f}</UniqueIdentifier>
    </Filter>
    <Filter Include="Network\Session">
      <UniqueIdentifier>{76b0d8dd-f8b4-4123-bf17-342c0f144a50}</UniqueIdentifier>
    </Filter>
    <Filter Include="Core\Service">
      <UniqueIdentifier>{0a2e6cf6-c94b-42a6-a65a-8c0b64163fbf}</UniqueIdentifier>
    </Filter>
  </ItemGroup>
  <ItemGroup>
    <ClCompile Include="pch.cpp">
      <Filter>Core\PCH</Filter>
    </ClCompile>
    <ClCompile Include="CorePch.cpp">
      <Filter>Core\PCH</Filter>
    </ClCompile>
    <ClCompile Include="IoCore.cpp">
      <Filter>Core\IoCore</Filter>
    </ClCompile>
    <ClCompile Include="IocpCore.cpp">
      <Filter>Core\IoCore\IocpCore</Filter>
    </ClCompile>
    <ClCompile Include="LinearBuffer.cpp">
      <Filter>Network\Buffer\LinearBuffer</Filter>
    </ClCompile>
    <ClCompile Include="CirculationBuffer.cpp">
      <Filter>Network\Buffer\CirculationBuffer</Filter>
    </ClCompile>
    <ClCompile Include="SendBuffer.cpp">
      <Filter>Network\Buffer</Filter>
    </ClCompile>
    <ClCompile Include="SocketUtils.cpp">
      <Filter>Network</Filter>
    </ClCompile>
    <ClCompile Include="RioCore.cpp">
      <Filter>Core\IoCore\RioCore</Filter>
    </ClCompile>
    <ClCompile Include="ConsoleLogger.cpp">
      <Filter>Utils\Log</Filter>
    </ClCompile>
    <ClCompile Include="ThreadManager.cpp">
      <Filter>Core\Thread</Filter>
    </ClCompile>
    <ClCompile Include="ThreadLocalStorage.cpp">
      <Filter>Core\Thread</Filter>
    </ClCompile>
    <ClCompile Include="RioEvent.cpp">
      <Filter>Network\Event\RIO</Filter>
    </ClCompile>
    <ClCompile Include="IocpEvent.cpp">
      <Filter>Network\Event\IOCP</Filter>
    </ClCompile>
    <ClCompile Include="NetworkAddress.cpp">
      <Filter>Network\Address</Filter>
    </ClCompile>
    <ClCompile Include="SessionBase.cpp">
      <Filter>Network\Session</Filter>
    </ClCompile>
    <ClCompile Include="PacketSession.cpp">
      <Filter>Network\Session</Filter>
    </ClCompile>
    <ClCompile Include="ServiceBase.cpp">
      <Filter>Core\Service</Filter>
    </ClCompile>
  </ItemGroup>
  <ItemGroup>
    <ClInclude Include="pch.h">
      <Filter>Core\PCH</Filter>
    </ClInclude>
    <ClInclude Include="CorePch.h">
      <Filter>Core\PCH</Filter>
    </ClInclude>
    <ClInclude Include="Container.h">
      <Filter>Utils</Filter>
    </ClInclude>
    <ClInclude Include="IoCore.h">
      <Filter>Core\IoCore</Filter>
    </ClInclude>
    <ClInclude Include="IocpCore.h">
      <Filter>Core\IoCore\IocpCore</Filter>
    </ClInclude>
    <ClInclude Include="IoObject.h">
      <Filter>Core\IoCore</Filter>
    </ClInclude>
    <ClInclude Include="Types.h">
      <Filter>Utils</Filter>
    </ClInclude>
    <ClInclude Include="BaseBuffer.h">
      <Filter>Network\Buffer</Filter>
    </ClInclude>
    <ClInclude Include="RecvBuffer.h">
      <Filter>Network\Buffer</Filter>
    </ClInclude>
    <ClInclude Include="LinearBuffer.h">
      <Filter>Network\Buffer\LinearBuffer</Filter>
    </ClInclude>
    <ClInclude Include="CirculationBuffer.h">
      <Filter>Network\Buffer\CirculationBuffer</Filter>
    </ClInclude>
    <ClInclude Include="ReadView.h">
      <Filter>Network\Buffer</Filter>
    </ClInclude>
    <ClInclude Include="IIoEvent.h">
      <Filter>Network\Event</Filter>
    </ClInclude>
    <ClInclude Include="SendBuffer.h">
      <Filter>Network\Buffer</Filter>
    </ClInclude>
    <ClInclude Include="SocketUtils.h">
      <Filter>Network</Filter>
    </ClInclude>
    <ClInclude Include="RioCore.h">
      <Filter>Core\IoCore\RioCore</Filter>
    </ClInclude>
    <ClInclude Include="PoolObject.h">
      <Filter>Utils\ObjectPool</Filter>
    </ClInclude>
    <ClInclude Include="ExternalPool.h">
      <Filter>Utils\ObjectPool</Filter>
    </ClInclude>
    <ClInclude Include="IntrusivePool.h">
      <Filter>Utils\ObjectPool</Filter>
    </ClInclude>
    <ClInclude Include="ConsoleLogger.h">
      <Filter>Utils\Log</Filter>
    </ClInclude>
    <ClInclude Include="ConsoleColor.h">
      <Filter>Utils\Log</Filter>
    </ClInclude>
    <ClInclude Include="ThreadManager.h">
      <Filter>Core\Thread</Filter>
    </ClInclude>
    <ClInclude Include="ThreadLocalStorage.h">
      <Filter>Core\Thread</Filter>
    </ClInclude>
    <ClInclude Include="ThreadContext.h">
      <Filter>Core\Thread</Filter>
    </ClInclude>
    <ClInclude Include="RioEvent.h">
      <Filter>Network\Event\RIO</Filter>
    </ClInclude>
    <ClInclude Include="IocpEvent.h">
      <Filter>Network\Event\IOCP</Filter>
    </ClInclude>
    <ClInclude Include="IocpConnectionEvent.h">
      <Filter>Network\Event\IOCP</Filter>
    </ClInclude>
    <ClInclude Include="IocpIoEvent.h">
      <Filter>Network\Event\IOCP</Filter>
    </ClInclude>
    <ClInclude Include="NetworkAddress.h">
      <Filter>Network\Address</Filter>
    </ClInclude>
    <ClInclude Include="IoBackend.h">
      <Filter>Network</Filter>
    </ClInclude>
    <ClInclude Include="SessionBase.h">
      <Filter>Network\Session</Filter>
    </ClInclude>
    <ClInclude Include="PacketSession.h">
      <Filter>Network\Session</Filter>
    </ClInclude>
    <ClInclude Include="ServiceBase.h">
      <Filter>Core\Service</Filter>
    </ClInclude>
  </ItemGroup>
  <ItemGroup>
    <None Include="..\vcpkg.json">
      <Filter>Utils</Filter>
    </None>
  </ItemGroup>
</Project>