<?xml version="1.0" encoding="utf-8"?>
<Project ToolsVersion="4.0" xmlns="http://schemas.microsoft.com/developer/msbuild/2003">
  <ItemGroup>
    <Filter Include="Core">
      <UniqueIdentifier>{5eb855b7-749d-45f3-8322-4db734cfe8e1}</UniqueIdentifier>
    </Filter>
    <Filter Include="Core\RIO Core">
      <UniqueIdentifier>{a11600c9-2aa1-4467-8ed6-1c3c74dda593}</UniqueIdentifier>
    </Filter>
    <Filter Include="Core\PCH">
      <UniqueIdentifier>{bd8efd36-bbb0-4755-9a15-913752014452}</UniqueIdentifier>
    </Filter>
    <Filter Include="Utils">
      <UniqueIdentifier>{a66cc01d-e0d4-4135-b977-43287535cf9e}</UniqueIdentifier>
    </Filter>
  </ItemGroup>
  <ItemGroup>
    <ClCompile Include="RioCore.cpp">
      <Filter>Core\RIO Core</Filter>
    </ClCompile>
    <ClCompile Include="pch.cpp">
      <Filter>Core\PCH</Filter>
    </ClCompile>
    <ClCompile Include="CorePch.cpp">
      <Filter>Core\PCH</Filter>
    </ClCompile>
  </ItemGroup>
  <ItemGroup>
    <ClInclude Include="RioCore.h">
      <Filter>Core\RIO Core</Filter>
    </ClInclude>
    <ClInclude Include="pch.h">
      <Filter>Core\PCH</Filter>
    </ClInclude>
    <ClInclude Include="CorePch.h">
      <Filter>Core\PCH</Filter>
    </ClInclude>
    <ClInclude Include="Container.h">
      <Filter>Utils</Filter>
    </ClInclude>
  </ItemGroup>
</Project>