<?xml version="1.0" encoding="utf-8"?>
<Project ToolsVersion="4.0" xmlns="http://schemas.microsoft.com/developer/msbuild/2003">
  <ItemGroup>
    <Filter Include="Core">
      <UniqueIdentifier>{5eb855b7-749d-45f3-8322-4db734cfe8e1}</UniqueIdentifier>
    </Filter>
    <Filter Include="Core\PCH">
      <UniqueIdentifier>{bd8efd36-bbb0-4755-9a15-913752014452}</UniqueIdentifier>
    </Filter>
    <Filter Include="Utils">
      <UniqueIdentifier>{a66cc01d-e0d4-4135-b977-43287535cf9e}</UniqueIdentifier>
    </Filter>
    <Filter Include="Core\IoCore">
      <UniqueIdentifier>{02056211-a2d9-4f88-b7b4-565c84669de3}</UniqueIdentifier>
    </Filter>
    <Filter Include="Core\IoCore\IocpCore">
      <UniqueIdentifier>{e719f3c9-0fbb-4f6c-9384-f5c2635dfcd9}</UniqueIdentifier>
    </Filter>
    <Filter Include="Network">
      <UniqueIdentifier>{3513e6c4-669e-4751-a0c5-75142b162f40}</UniqueIdentifier>
    </Filter>
    <Filter Include="Network\Buffer">
      <UniqueIdentifier>{b55f24a3-d61f-449d-84af-8c9a0b1838c2}</UniqueIdentifier>
    </Filter>
    <Filter Include="Network\Buffer\LinearBuffer">
      <UniqueIdentifier>{9685afe8-e679-431e-bc96-ac131a6e1bd5}</UniqueIdentifier>
    </Filter>
  </ItemGroup>
  <ItemGroup>
    <ClCompile Include="pch.cpp">
      <Filter>Core\PCH</Filter>
    </ClCompile>
    <ClCompile Include="CorePch.cpp">
      <Filter>Core\PCH</Filter>
    </ClCompile>
    <ClCompile Include="IoCore.cpp">
      <Filter>Core\IoCore</Filter>
    </ClCompile>
    <ClCompile Include="IocpCore.cpp">
      <Filter>Core\IoCore\IocpCore</Filter>
    </ClCompile>
    <ClCompile Include="Session.cpp">
      <Filter>Network</Filter>
    </ClCompile>
    <ClCompile Include="LinearBuffer.cpp">
      <Filter>Network\Buffer\LinearBuffer</Filter>
    </ClCompile>
  </ItemGroup>
  <ItemGroup>
    <ClInclude Include="pch.h">
      <Filter>Core\PCH</Filter>
    </ClInclude>
    <ClInclude Include="CorePch.h">
      <Filter>Core\PCH</Filter>
    </ClInclude>
    <ClInclude Include="Container.h">
      <Filter>Utils</Filter>
    </ClInclude>
    <ClInclude Include="IoCore.h">
      <Filter>Core\IoCore</Filter>
    </ClInclude>
    <ClInclude Include="IocpCore.h">
      <Filter>Core\IoCore\IocpCore</Filter>
    </ClInclude>
    <ClInclude Include="Session.h">
      <Filter>Network</Filter>
    </ClInclude>
    <ClInclude Include="IoObject.h">
      <Filter>Core\IoCore</Filter>
    </ClInclude>
    <ClInclude Include="Types.h">
      <Filter>Utils</Filter>
    </ClInclude>
    <ClInclude Include="BaseBuffer.h">
      <Filter>Network\Buffer</Filter>
    </ClInclude>
    <ClInclude Include="RecvBuffer.h">
      <Filter>Network\Buffer</Filter>
    </ClInclude>
    <ClInclude Include="LinearBuffer.h">
      <Filter>Network\Buffer\LinearBuffer</Filter>
    </ClInclude>
  </ItemGroup>
  <ItemGroup>
    <None Include="..\vcpkg.json">
      <Filter>Utils</Filter>
    </None>
  </ItemGroup>
</Project>